
Microsoft Visual Studio Solution File, Format Version 12.00
# Visual Studio 14
VisualStudioVersion = 14.0.23107.0
MinimumVisualStudioVersion = 10.0.40219.1
Project("{8BC9CEB8-8B4A-11D0-8D11-00A0C91BC942}") = "KeyValueStoreProject", "KeyValueStoreProject\KeyValueStoreProject.vcxproj", "{EE5D91E8-3FB3-4292-B656-05D889482ACA}"
EndProject
Project("{8BC9CEB8-8B4A-11D0-8D11-00A0C91BC942}") = "KVS_Tests", "KVS_Tests\KVS_Tests.vcxproj", "{F4EC2747-5BEC-4CAC-A0E7-FBE4FA7B67C7}"
EndProject
Global
	GlobalSection(SolutionConfigurationPlatforms) = preSolution
		Debug|x64 = Debug|x64
		Debug|x86 = Debug|x86
		Release|x64 = Release|x64
		Release|x86 = Release|x86
	EndGlobalSection
	GlobalSection(ProjectConfigurationPlatforms) = postSolution
		{EE5D91E8-3FB3-4292-B656-05D889482ACA}.Debug|x64.ActiveCfg = Debug|x64
		{EE5D91E8-3FB3-4292-B656-05D889482ACA}.Debug|x64.Build.0 = Debug|x64
		{EE5D91E8-3FB3-4292-B656-05D889482ACA}.Debug|x86.ActiveCfg = Debug|Win32
		{EE5D91E8-3FB3-4292-B656-05D889482ACA}.Debug|x86.Build.0 = Debug|Win32
		{EE5D91E8-3FB3-4292-B656-05D889482ACA}.Release|x64.ActiveCfg = Release|x64
		{EE5D91E8-3FB3-4292-B656-05D889482ACA}.Release|x64.Build.0 = Release|x64
		{EE5D91E8-3FB3-4292-B656-05D889482ACA}.Release|x86.ActiveCfg = Release|Win32
		{EE5D91E8-3FB3-4292-B656-05D889482ACA}.Release|x86.Build.0 = Release|Win32
		{F4EC2747-5BEC-4CAC-A0E7-FBE4FA7B67C7}.Debug|x64.ActiveCfg = Debug|x64
		{F4EC2747-5BEC-4CAC-A0E7-FBE4FA7B67C7}.Debug|x64.Build.0 = Debug|x64
		{F4EC2747-5BEC-4CAC-A0E7-FBE4FA7B67C7}.Debug|x86.ActiveCfg = Debug|Win32
		{F4EC2747-5BEC-4CAC-A0E7-FBE4FA7B67C7}.Debug|x86.Build.0 = Debug|Win32
		{F4EC2747-5BEC-4CAC-A0E7-FBE4FA7B67C7}.Release|x64.ActiveCfg = Release|x64
		{F4EC2747-5BEC-4CAC-A0E7-FBE4FA7B67C7}.Release|x64.Build.0 = Release|x64
		{F4EC2747-5BEC-4CAC-A0E7-FBE4FA7B67C7}.Release|x86.ActiveCfg = Release|Win32
		{F4EC2747-5BEC-4CAC-A0E7-FBE4FA7B67C7}.Release|x86.Build.0 = Release|Win32
	EndGlobalSection
	GlobalSection(SolutionProperties) = preSolution
		HideSolutionNode = FALSE
	EndGlobalSection
EndGlobal
